# generated by rye
# use `rye lock` or `rye sync` to update this lockfile
#
# last locked with the following flags:
#   pre: false
#   features: []
#   all-features: false
#   with-sources: false
#   generate-hashes: false
#   universal: false

aiohappyeyeballs==2.6.1
    # via aiohttp
aiohttp==3.13.3
    # via g4f
aiosignal==1.4.0
    # via aiohttp
annotated-doc==0.0.4
    # via fastapi
annotated-types==0.7.0
    # via pydantic
anyio==4.12.1
    # via starlette
attrs==25.4.0
    # via aiohttp
brotli==1.2.0
    # via g4f
certifi==2026.1.4
    # via curl-cffi
    # via requests
cffi==2.0.0
    # via curl-cffi
charset-normalizer==3.4.4
    # via requests
click==8.3.1
    # via uvicorn
curl-cffi==0.14.0
fastapi==0.128.0
frozenlist==1.8.0
    # via aiohttp
    # via aiosignal
g4f==7.0.0
h11==0.16.0
    # via uvicorn
idna==3.11
    # via anyio
    # via requests
    # via yarl
multidict==6.7.1
    # via aiohttp
    # via yarl
nest-asyncio2==1.7.1
    # via g4f
propcache==0.4.1
    # via aiohttp
    # via yarl
pycparser==3.0
    # via cffi
pycryptodome==3.23.0
    # via g4f
pydantic==2.12.5
    # via fastapi
pydantic-core==2.41.5
    # via pydantic
python-multipart==0.0.22
requests==2.32.5
    # via g4f
starlette==0.50.0
    # via fastapi
typing-extensions==4.15.0
    # via aiosignal
    # via anyio
    # via fastapi
    # via pydantic
    # via pydantic-core
    # via starlette
    # via typing-inspection
typing-inspection==0.4.2
    # via pydantic
urllib3==2.6.3
    # via requests
uvicorn==0.40.0
yarl==1.22.0
    # via aiohttp
